<Project xmlns="http://schemas.microsoft.com/developer/msbuild/2003">
  <PropertyGroup>
    <ProjectGuid>{54f20d72-48d8-4619-8b53-0341b78d7542}</ProjectGuid>
    <MainSource>rppackdesignvcl_del2005.dpk</MainSource>
    <Configuration Condition=" '$(Configuration)' == '' ">Debug</Configuration>
    <Platform Condition=" '$(Platform)' == '' ">AnyCPU</Platform>
    <DCC_DCCCompiler>DCC32</DCC_DCCCompiler>
    <DCC_DependencyCheckOutputName>H:\Documents and Settings\All Users\Documentos\RAD Studio\5.0\Bpl\rppackdesignvcl_del2005.bpl</DCC_DependencyCheckOutputName>
  </PropertyGroup>
  <PropertyGroup Condition=" '$(Configuration)|$(Platform)' == 'Release|AnyCPU' ">
    <Version>7.0</Version>
    <DCC_DebugInformation>False</DCC_DebugInformation>
    <DCC_LocalDebugSymbols>False</DCC_LocalDebugSymbols>
    <DCC_SymbolReferenceInfo>0</DCC_SymbolReferenceInfo>
    <DCC_Define>RELEASE</DCC_Define>
  </PropertyGroup>
  <PropertyGroup Condition=" '$(Configuration)|$(Platform)' == 'Debug|AnyCPU' ">
    <Version>7.0</Version>
    <DCC_Define>DEBUG</DCC_Define>
  </PropertyGroup>
  <ProjectExtensions>
    <Borland.Personality>Delphi.Personality</Borland.Personality>
    <Borland.ProjectType>Package</Borland.ProjectType>
    <BorlandProject>
<BorlandProject xmlns=""> <Delphi.Personality>   <Parameters>
      <Parameters Name="UseLauncher">False</Parameters>
      <Parameters Name="LoadAllSymbols">True</Parameters>
      <Parameters Name="LoadUnspecifiedSymbols">False</Parameters>
    </Parameters>
    <Package_Options>
      <Package_Options Name="PackageDescription">Report Manager Designer VCL Components</Package_Options>
      <Package_Options Name="ImplicitBuild">False</Package_Options>
      <Package_Options Name="DesigntimeOnly">False</Package_Options>
      <Package_Options Name="RuntimeOnly">False</Package_Options>
    </Package_Options>
    <VersionInfo>
      <VersionInfo Name="IncludeVerInfo">False</VersionInfo>
      <VersionInfo Name="AutoIncBuild">False</VersionInfo>
      <VersionInfo Name="MajorVer">1</VersionInfo>
      <VersionInfo Name="MinorVer">0</VersionInfo>
      <VersionInfo Name="Release">0</VersionInfo>
      <VersionInfo Name="Build">0</VersionInfo>
      <VersionInfo Name="Debug">False</VersionInfo>
      <VersionInfo Name="PreRelease">False</VersionInfo>
      <VersionInfo Name="Special">False</VersionInfo>
      <VersionInfo Name="Private">False</VersionInfo>
      <VersionInfo Name="DLL">False</VersionInfo>
      <VersionInfo Name="Locale">3082</VersionInfo>
      <VersionInfo Name="CodePage">1252</VersionInfo>
    </VersionInfo>
    <VersionInfoKeys>
      <VersionInfoKeys Name="CompanyName"></VersionInfoKeys>
      <VersionInfoKeys Name="FileDescription"></VersionInfoKeys>
      <VersionInfoKeys Name="FileVersion">1.0.0.0</VersionInfoKeys>
      <VersionInfoKeys Name="InternalName"></VersionInfoKeys>
      <VersionInfoKeys Name="LegalCopyright"></VersionInfoKeys>
      <VersionInfoKeys Name="LegalTrademarks"></VersionInfoKeys>
      <VersionInfoKeys Name="OriginalFilename"></VersionInfoKeys>
      <VersionInfoKeys Name="ProductName"></VersionInfoKeys>
      <VersionInfoKeys Name="ProductVersion">1.0.0.0</VersionInfoKeys>
      <VersionInfoKeys Name="Comments"></VersionInfoKeys>
    </VersionInfoKeys>
    <Excluded_Packages>
      
      
      <Excluded_Packages Name="h:\archivos de programa\borland\bds\3.0\Bin\dclIndyCore90.bpl">Indy 10 Core Design Time</Excluded_Packages>
    </Excluded_Packages>
    <Source>
      <Source Name="MainSource">rppackdesignvcl_del2005.dpk</Source>
    </Source>
  </Delphi.Personality> </BorlandProject></BorlandProject>
  </ProjectExtensions>
  <ItemGroup />
  <ItemGroup>
    <DelphiCompile Include="rppackdesignvcl_del2005.dpk">
      <MainSource>MainSource</MainSource>
    </DelphiCompile>
    <DCCReference Include="adortl.dcp" />
    <DCCReference Include="bdertl.dcp" />
    <DCCReference Include="dbexpress.dcp" />
    <DCCReference Include="dbrtl.dcp" />
    <DCCReference Include="dsnap.dcp" />
    <DCCReference Include="ibxpress.dcp" />
    <DCCReference Include="indy.dcp" />
    <DCCReference Include="rpcolumnar.pas" />
    <DCCReference Include="rpdbbrowservcl.pas">
      <Form>FRpBrowserVCL</Form>
    </DCCReference>
    <DCCReference Include="rpdbxconfigvcl.pas">
      <Form>FRpDBXConfigVCL</Form>
    </DCCReference>
    <DCCReference Include="rpeditconnvcl.pas">
      <Form>FRpEditConVCL</Form>
    </DCCReference>
    <DCCReference Include="rpfparamsvcl.pas">
      <Form>FRpParamsVCL</Form>
    </DCCReference>
    <DCCReference Include="rpmdesignervcl.dcr" />
    <DCCReference Include="rpmdesignervcl.pas" />
    <DCCReference Include="rpmdfbarcodeintvcl.pas" />
    <DCCReference Include="rpmdfchartintvcl.pas" />
    <DCCReference Include="rpmdfconnectionvcl.pas">
      <Form>FRpConnectionVCL</Form>
    </DCCReference>
    <DCCReference Include="rpmdfdatasetsvcl.pas">
      <Form>FRpDatasetsVCL</Form>
    </DCCReference>
    <DCCReference Include="rpmdfdatatextvcl.pas">
      <Form>FRpDataTextVCL</Form>
    </DCCReference>
    <DCCReference Include="rpmdfdesignvcl.pas">
      <Form>FRpDesignFrameVCL</Form>
    </DCCReference>
    <DCCReference Include="rpmdfdinfovcl.pas">
      <Form>FRpDatainfoconfigVCL</Form>
    </DCCReference>
    <DCCReference Include="rpmdfdrawintvcl.pas" />
    <DCCReference Include="rpmdfextsecvcl.pas">
      <Form>FRpExtSectionVCL</Form>
    </DCCReference>
    <DCCReference Include="rpmdfgridvcl.pas">
      <Form>FRpGridOptionsVCL</Form>
    </DCCReference>
    <DCCReference Include="rpmdflabelintvcl.pas" />
    <DCCReference Include="rpmdfmainvcl.pas">
      <Form>FRpMainFVCL</Form>
    </DCCReference>
    <DCCReference Include="rpmdfopenlibvcl.pas">
      <Form>FRpOpenLibVCL</Form>
    </DCCReference>
    <DCCReference Include="rpmdfsampledatavcl.pas">
      <Form>FRpShowSampledataVCL</Form>
    </DCCReference>
    <DCCReference Include="rpmdfsectionintvcl.pas" />
    <DCCReference Include="rpmdfselectfields.pas" />
    <DCCReference Include="rpmdfstrucvcl.pas">
      <Form>FRpStructureVCL</Form>
    </DCCReference>
    <DCCReference Include="rpmdftreevcl.pas">
      <Form>FRpDBTreeVCL</Form>
    </DCCReference>
    <DCCReference Include="rpmdfwizardvcl.pas">
      <Form>FRpWizardVCL</Form>
    </DCCReference>
    <DCCReference Include="rpmdobinsintvcl.pas" />
    <DCCReference Include="rpmdobjinspvcl.pas">
      <Form>FRpObjInspVCL</Form>
    </DCCReference>
    <DCCReference Include="rpmdsysinfo.pas">
      <Form>FRpSysInfo</Form>
    </DCCReference>
    <DCCReference Include="rpmregdesignvcl.pas" />
    <DCCReference Include="rppackvcl_del2005.dcp" />
    <DCCReference Include="rppack_del2005.dcp" />
    <DCCReference Include="rprulervcl.dcr" />
    <DCCReference Include="rprulervcl.pas" />
    <DCCReference Include="rpwebmetaclient.dcr" />
    <DCCReference Include="rpwebmetaclient.pas" />
    <DCCReference Include="rtl.dcp" />
    <DCCReference Include="tee.dcp" />
    <DCCReference Include="vcl.dcp" />
    <DCCReference Include="vcldb.dcp" />
    <DCCReference Include="vcljpg.dcp" />
    <DCCReference Include="vclx.dcp" />
  </ItemGroup>
  <Import Project="$(MSBuildBinPath)\Borland.Delphi.Targets" />
</Project>