	<Project xmlns="http://schemas.microsoft.com/developer/msbuild/2003">
		<PropertyGroup>
			<ProjectGuid>{E6F62312-B8ED-4983-8102-EC7FE75BCE43}</ProjectGuid>
			<MainSource>T2TiERPNFe.dpr</MainSource>
			<Config Condition="'$(Config)'==''">Debug</Config>
			<DCC_DCCCompiler>DCC32</DCC_DCCCompiler>
			<ProjectVersion>12.0</ProjectVersion>
		</PropertyGroup>
		<PropertyGroup Condition="'$(Config)'=='Base' or '$(Base)'!=''">
			<Base>true</Base>
		</PropertyGroup>
		<PropertyGroup Condition="'$(Config)'=='Release' or '$(Cfg_1)'!=''">
			<Cfg_1>true</Cfg_1>
			<CfgParent>Base</CfgParent>
			<Base>true</Base>
		</PropertyGroup>
		<PropertyGroup Condition="'$(Config)'=='Debug' or '$(Cfg_2)'!=''">
			<Cfg_2>true</Cfg_2>
			<CfgParent>Base</CfgParent>
			<Base>true</Base>
		</PropertyGroup>
		<PropertyGroup Condition="'$(Base)'!=''">
			<DCC_UnitAlias>WinTypes=Windows;WinProcs=Windows;$(DCC_UnitAlias)</DCC_UnitAlias>
			<DCC_DependencyCheckOutputName>T2TiERPNFe.exe</DCC_DependencyCheckOutputName>
			<DCC_ImageBase>00400000</DCC_ImageBase>
			<DCC_Platform>x86</DCC_Platform>
		</PropertyGroup>
		<PropertyGroup Condition="'$(Cfg_1)'!=''">
			<DCC_LocalDebugSymbols>false</DCC_LocalDebugSymbols>
			<DCC_Define>RELEASE;$(DCC_Define)</DCC_Define>
			<DCC_SymbolReferenceInfo>0</DCC_SymbolReferenceInfo>
			<DCC_DebugInformation>false</DCC_DebugInformation>
		</PropertyGroup>
		<PropertyGroup Condition="'$(Cfg_2)'!=''">
			<DCC_Define>DEBUG;$(DCC_Define)</DCC_Define>
		</PropertyGroup>
		<ItemGroup>
			<DelphiCompile Include="T2TiERPNFe.dpr">
				<MainSource>MainSource</MainSource>
			</DelphiCompile>
			<DCCReference Include="..\..\Comum\Atributos.pas"/>
			<DCCReference Include="..\..\Comum\Biblioteca.pas"/>
			<DCCReference Include="..\..\Comum\VO\FuncaoVO.pas"/>
			<DCCReference Include="..\..\Comum\VO\PapelFuncaoVO.pas"/>
			<DCCReference Include="..\..\Comum\VO\PapelVO.pas"/>
			<DCCReference Include="..\Comum\Conversor.pas"/>
			<DCCReference Include="..\Comum\NotificationService.pas"/>
			<DCCReference Include="..\Comum\SessaoUsuario.pas"/>
			<DCCReference Include="..\Comum\Controller\ColaboradorController.pas"/>
			<DCCReference Include="..\Comum\Controller\Controller.pas"/>
			<DCCReference Include="..\Comum\Controller\FuncaoController.pas"/>
			<DCCReference Include="..\Comum\Controller\PapelController.pas"/>
			<DCCReference Include="..\Comum\Controller\PapelFuncaoController.pas"/>
			<DCCReference Include="..\Comum\Controller\UsuarioController.pas"/>
			<DCCReference Include="..\Comum\Tela\UBase.pas">
				<Form>FBase</Form>
			</DCCReference>
			<DCCReference Include="..\Comum\Tela\UDataModule.pas">
				<Form>FDataModule</Form>
				<DesignClass>TDataModule</DesignClass>
			</DCCReference>
			<DCCReference Include="..\Comum\Tela\UFiltro.pas">
				<Form>FFiltro</Form>
			</DCCReference>
			<DCCReference Include="..\Comum\Tela\ULogin.pas">
				<Form>FLogin</Form>
			</DCCReference>
			<DCCReference Include="..\Comum\Tela\ULookup.pas">
				<Form>FLookup</Form>
			</DCCReference>
			<DCCReference Include="..\Comum\Tela\UTela.pas">
				<Form>FTela</Form>
			</DCCReference>
			<DCCReference Include="..\Comum\Tela\UTelaCadastro.pas">
				<Form>FTelaCadastro</Form>
			</DCCReference>
			<DCCReference Include="Tela\UMenu.pas">
				<Form>FMenu</Form>
			</DCCReference>
			<DCCReference Include="..\..\Comum\VO\UsuarioVO.pas"/>
			<DCCReference Include="..\..\Comum\VO\AtividadeForCliVO.pas"/>
			<DCCReference Include="..\..\Comum\VO\CargoVO.pas"/>
			<DCCReference Include="..\..\Comum\VO\CepVO.pas"/>
			<DCCReference Include="..\..\Comum\VO\ColaboradorVO.pas"/>
			<DCCReference Include="..\..\Comum\VO\ContabilContaVO.pas"/>
			<DCCReference Include="..\..\Comum\VO\ContaCaixaVO.pas"/>
			<DCCReference Include="..\..\Comum\VO\ContadorVO.pas"/>
			<DCCReference Include="..\..\Comum\VO\ContatoVO.pas"/>
			<DCCReference Include="..\..\Comum\VO\EmpresaVO.pas"/>
			<DCCReference Include="..\..\Comum\VO\EnderecoVO.pas"/>
			<DCCReference Include="..\..\Comum\VO\FpasVO.pas"/>
			<DCCReference Include="..\..\Comum\VO\PaisVO.pas"/>
			<DCCReference Include="..\..\Comum\VO\PessoaFisicaVO.pas"/>
			<DCCReference Include="..\..\Comum\VO\PessoaJuridicaVO.pas"/>
			<DCCReference Include="..\..\Comum\VO\PessoaVO.pas"/>
			<DCCReference Include="..\..\Comum\VO\SetorVO.pas"/>
			<DCCReference Include="..\..\Comum\VO\SindicatoVO.pas"/>
			<DCCReference Include="..\..\Comum\VO\SituacaoColaboradorVO.pas"/>
			<DCCReference Include="..\..\Comum\VO\SituacaoForCliVO.pas"/>
			<DCCReference Include="..\..\Comum\VO\TipoAdmissaoVO.pas"/>
			<DCCReference Include="..\..\Comum\VO\TipoColaboradorVO.pas"/>
			<DCCReference Include="..\..\Comum\VO\UfVO.pas"/>
			<DCCReference Include="..\..\Comum\VO\ProdutoVO.pas"/>
			<DCCReference Include="..\..\Comum\VO\UnidadeProdutoVO.pas"/>
			<DCCReference Include="..\..\Comum\VO\TributGrupoTributarioVO.pas"/>
			<DCCReference Include="..\..\Comum\VO\AlmoxarifadoVO.pas"/>
			<DCCReference Include="..\..\Comum\VO\AgenciaBancoVO.pas"/>
			<DCCReference Include="..\..\Comum\VO\BancoVO.pas"/>
			<DCCReference Include="..\Comum\Controller\EmpresaController.pas"/>
			<DCCReference Include="..\Comum\Controller\ViewSessaoEmpresaController.pas"/>
			<DCCReference Include="..\..\Comum\VO\AdministrativoFormularioVO.pas"/>
			<DCCReference Include="..\..\Comum\VO\EmpresaSessaoVO.pas"/>
			<DCCReference Include="..\..\Comum\VO\ViewSessaoEmpresaVO.pas"/>
			<DCCReference Include="Controller\NfeDetalheController.pas"/>
			<DCCReference Include="..\..\Comum\VO\ProdutoMarcaVO.pas"/>
			<DCCReference Include="..\..\Comum\VO\ProdutoSubGrupoVO.pas"/>
			<DCCReference Include="..\..\Comum\VO\ProdutoGrupoVO.pas"/>
			<DCCReference Include="..\..\Comum\VO\ProdutoLoteVO.pas"/>
			<DCCReference Include="..\..\Comum\VO\ProdutoLacreVO.pas"/>
			<DCCReference Include="..\..\Comum\VO\ColaboradorPessoaVO.pas"/>
			<DCCReference Include="..\Comum\Tela\UDataModuleNFe.pas">
				<Form>FDataModuleNFe</Form>
				<DesignClass>TDataModule</DesignClass>
			</DCCReference>
			<DCCReference Include="..\..\Comum\VO\NfeTransporteVolumeVO.pas"/>
			<DCCReference Include="..\..\Comum\VO\NfeCabecalhoVO.pas"/>
			<DCCReference Include="..\..\Comum\VO\NfeCanaDeducoesSafraVO.pas"/>
			<DCCReference Include="..\..\Comum\VO\NfeCanaFornecimentoDiarioVO.pas"/>
			<DCCReference Include="..\..\Comum\VO\NfeCanaVO.pas"/>
			<DCCReference Include="..\..\Comum\VO\NfeCteReferenciadoVO.pas"/>
			<DCCReference Include="..\..\Comum\VO\NfeCupomFiscalReferenciadoVO.pas"/>
			<DCCReference Include="..\..\Comum\VO\NfeDeclaracaoImportacaoVO.pas"/>
			<DCCReference Include="..\..\Comum\VO\NfeDeducoesSafraVO.pas"/>
			<DCCReference Include="..\..\Comum\VO\NfeDestinatarioVO.pas"/>
			<DCCReference Include="..\..\Comum\VO\NfeDetalheImpostoCofinsVO.pas"/>
			<DCCReference Include="..\..\Comum\VO\NfeDetalheImpostoIcmsVO.pas"/>
			<DCCReference Include="..\..\Comum\VO\NfeDetalheImpostoIiVO.pas"/>
			<DCCReference Include="..\..\Comum\VO\NfeDetalheImpostoIpiVO.pas"/>
			<DCCReference Include="..\..\Comum\VO\NfeDetalheImpostoIssqnVO.pas"/>
			<DCCReference Include="..\..\Comum\VO\NfeDetalheImpostoPisVO.pas"/>
			<DCCReference Include="..\..\Comum\VO\NfeDetalheVO.pas"/>
			<DCCReference Include="..\..\Comum\VO\NfeDetEspecificoArmamentoVO.pas"/>
			<DCCReference Include="..\..\Comum\VO\NfeDetEspecificoCombustivelVO.pas"/>
			<DCCReference Include="..\..\Comum\VO\NfeDetEspecificoMedicamentoVO.pas"/>
			<DCCReference Include="..\..\Comum\VO\NfeDetEspecificoVeiculoVO.pas"/>
			<DCCReference Include="..\..\Comum\VO\NfeDuplicataVO.pas"/>
			<DCCReference Include="..\..\Comum\VO\NfeEmitenteVO.pas"/>
			<DCCReference Include="..\..\Comum\VO\NfeFaturaVO.pas"/>
			<DCCReference Include="..\..\Comum\VO\NfeImportacaoDetalheVO.pas"/>
			<DCCReference Include="..\..\Comum\VO\NfeLocalEntregaVO.pas"/>
			<DCCReference Include="..\..\Comum\VO\NfeLocalRetiradaVO.pas"/>
			<DCCReference Include="..\..\Comum\VO\NfeNfReferenciadaVO.pas"/>
			<DCCReference Include="..\..\Comum\VO\NfeProcessoReferenciadoVO.pas"/>
			<DCCReference Include="..\..\Comum\VO\NfeProdRuralReferenciadaVO.pas"/>
			<DCCReference Include="..\..\Comum\VO\NfeReferenciadaVO.pas"/>
			<DCCReference Include="..\..\Comum\VO\NfeTransporteReboqueVO.pas"/>
			<DCCReference Include="..\..\Comum\VO\NfeTransporteVO.pas"/>
			<DCCReference Include="..\..\Comum\VO\NfeTransporteVolumeLacreVO.pas"/>
			<DCCReference Include="Controller\NfeCabecalhoController.pas"/>
			<DCCReference Include="..\..\Comum\VO\NivelFormacaoVO.pas"/>
			<DCCReference Include="Controller\NfeConfiguracaoController.pas"/>
			<DCCReference Include="..\..\Comum\VO\NfeConfiguracaoVO.pas"/>
			<DCCReference Include="Controller\ViewPessoaFornecedorController.pas"/>
			<DCCReference Include="..\..\Comum\VO\ViewPessoaFornecedorVO.pas"/>
			<DCCReference Include="Controller\ViewPessoaTransportadoraController.pas"/>
			<DCCReference Include="..\..\Comum\VO\ViewPessoaTransportadoraVO.pas"/>
			<DCCReference Include="..\Cadastros Base\Controller\UnidadeProdutoController.pas"/>
			<DCCReference Include="..\Cadastros Base\Controller\ProdutoSubGrupoController.pas"/>
			<DCCReference Include="..\Cadastros Base\Controller\ProdutoMarcaController.pas"/>
			<DCCReference Include="..\Cadastros Base\Controller\AlmoxarifadoController.pas"/>
			<DCCReference Include="..\Cadastros Base\Controller\TributGrupoTributarioController.pas"/>
			<DCCReference Include="..\..\Comum\VO\NcmVO.pas"/>
			<DCCReference Include="..\Cadastros Base\Controller\NcmController.pas"/>
			<DCCReference Include="..\Cadastros Base\Controller\ProdutoController.pas"/>
			<DCCReference Include="Controller\NfeDetEspecificoMedicamentoController.pas"/>
			<DCCReference Include="Controller\NfeDeclaracaoImportacaoController.pas"/>
			<DCCReference Include="Controller\NfeDetEspecificoArmamentoController.pas"/>
			<DCCReference Include="Tela\UNfeDetalheAnexo.pas">
				<Form>FNfeDetalheAnexo</Form>
			</DCCReference>
			<DCCReference Include="Tela\UNFe.pas">
				<Form>FNFe</Form>
			</DCCReference>
			<DCCReference Include="..\..\Comum\VO\NfeNumeroVO.pas"/>
			<DCCReference Include="Controller\NfeNumeroController.pas"/>
			<DCCReference Include="..\..\Comum\VO\ViewPessoaClienteVO.pas"/>
			<DCCReference Include="Controller\ViewPessoaClienteController.pas"/>
			<DCCReference Include="Controller\NFeCalculoController.pas"/>
			<DCCReference Include="..\..\Comum\Constantes.pas"/>
			<DCCReference Include="..\..\Comum\VO\JSonVO.pas"/>
			<DCCReference Include="..\Comum\Tipos.pas"/>
			<DCCReference Include="Controller\TributOperacaoFiscalController.pas"/>
			<DCCReference Include="..\..\Comum\VO\TributOperacaoFiscalVO.pas"/>
			<DCCReference Include="..\..\Comum\VO\CfopVO.pas"/>
			<DCCReference Include="Controller\ViewTributacaoCofinsController.pas"/>
			<DCCReference Include="Controller\ViewTributacaoIcmsController.pas"/>
			<DCCReference Include="Controller\ViewTributacaoIpiController.pas"/>
			<DCCReference Include="Controller\ViewTributacaoIssController.pas"/>
			<DCCReference Include="Controller\ViewTributacaoPisController.pas"/>
			<DCCReference Include="..\..\Comum\VO\ViewTributacaoCofinsVO.pas"/>
			<DCCReference Include="..\..\Comum\VO\ViewTributacaoIcmsVO.pas"/>
			<DCCReference Include="..\..\Comum\VO\ViewTributacaoIpiVO.pas"/>
			<DCCReference Include="..\..\Comum\VO\ViewTributacaoIssVO.pas"/>
			<DCCReference Include="..\..\Comum\VO\ViewTributacaoPisVO.pas"/>
			<DCCReference Include="..\..\Comum\VO\TributIcmsCustomDetVO.pas"/>
			<DCCReference Include="..\..\Comum\VO\TributIcmsCustomCabVO.pas"/>
			<DCCReference Include="Controller\ViewTributacaoIcmsCustomController.pas"/>
			<DCCReference Include="..\..\Comum\VO\ViewTributacaoIcmsCustomVO.pas"/>
			<DCCReference Include="Controller\VendaCabecalhoController.pas"/>
			<DCCReference Include="Controller\VendaDetalheController.pas"/>
			<DCCReference Include="..\..\Comum\VO\VendedorVO.pas"/>
			<DCCReference Include="..\..\Comum\VO\VendaCabecalhoVO.pas"/>
			<DCCReference Include="..\..\Comum\VO\VendaComissaoVO.pas"/>
			<DCCReference Include="..\..\Comum\VO\VendaCondicoesPagamentoVO.pas"/>
			<DCCReference Include="..\..\Comum\VO\VendaCondicoesParcelasVO.pas"/>
			<DCCReference Include="..\..\Comum\VO\VendaDetalheVO.pas"/>
			<DCCReference Include="..\..\Comum\VO\VendaFreteVO.pas"/>
			<DCCReference Include="..\..\Comum\VO\VendaOrcamentoCabecalhoVO.pas"/>
			<DCCReference Include="..\..\Comum\VO\VendaOrcamentoDetalheVO.pas"/>
			<DCCReference Include="..\..\Comum\VO\VendaRomaneioEntregaVO.pas"/>
			<DCCReference Include="..\..\Comum\VO\ClientePessoaVO.pas"/>
			<DCCReference Include="..\..\Comum\VO\PessoaFisicaJuridicaVO.pas"/>
			<DCCReference Include="..\..\Comum\VO\TransportadoraPessoaVO.pas"/>
			<DCCReference Include="..\..\Comum\VO\TipoNotaFiscalVO.pas"/>
			<DCCReference Include="..\..\Comum\VO\FiscalNotaFiscalEntradaVO.pas"/>
			<DCCReference Include="..\..\Comum\VO\PlanoContaRefSpedVO.pas"/>
			<DCCReference Include="..\..\Comum\VO\PlanoContaVO.pas"/>
			<BuildConfiguration Include="Base">
				<Key>Base</Key>
			</BuildConfiguration>
			<BuildConfiguration Include="Debug">
				<Key>Cfg_2</Key>
				<CfgParent>Base</CfgParent>
			</BuildConfiguration>
			<BuildConfiguration Include="Release">
				<Key>Cfg_1</Key>
				<CfgParent>Base</CfgParent>
			</BuildConfiguration>
		</ItemGroup>
		<Import Project="$(BDS)\Bin\CodeGear.Delphi.Targets" Condition="Exists('$(BDS)\Bin\CodeGear.Delphi.Targets')"/>
		<ProjectExtensions>
			<Borland.Personality>Delphi.Personality.12</Borland.Personality>
			<Borland.ProjectType>VCLApplication</Borland.ProjectType>
			<BorlandProject>
				<Delphi.Personality>
					<Source>
						<Source Name="MainSource">T2TiERPNFe.dpr</Source>
					</Source>
					<Parameters>
						<Parameters Name="UseLauncher">False</Parameters>
						<Parameters Name="LoadAllSymbols">True</Parameters>
						<Parameters Name="LoadUnspecifiedSymbols">False</Parameters>
					</Parameters>
					<VersionInfo>
						<VersionInfo Name="IncludeVerInfo">False</VersionInfo>
						<VersionInfo Name="AutoIncBuild">False</VersionInfo>
						<VersionInfo Name="MajorVer">1</VersionInfo>
						<VersionInfo Name="MinorVer">0</VersionInfo>
						<VersionInfo Name="Release">0</VersionInfo>
						<VersionInfo Name="Build">0</VersionInfo>
						<VersionInfo Name="Debug">False</VersionInfo>
						<VersionInfo Name="PreRelease">False</VersionInfo>
						<VersionInfo Name="Special">False</VersionInfo>
						<VersionInfo Name="Private">False</VersionInfo>
						<VersionInfo Name="DLL">False</VersionInfo>
						<VersionInfo Name="Locale">1046</VersionInfo>
						<VersionInfo Name="CodePage">1252</VersionInfo>
					</VersionInfo>
					<VersionInfoKeys>
						<VersionInfoKeys Name="CompanyName"/>
						<VersionInfoKeys Name="FileDescription"/>
						<VersionInfoKeys Name="FileVersion">1.0.0.0</VersionInfoKeys>
						<VersionInfoKeys Name="InternalName"/>
						<VersionInfoKeys Name="LegalCopyright"/>
						<VersionInfoKeys Name="LegalTrademarks"/>
						<VersionInfoKeys Name="OriginalFilename"/>
						<VersionInfoKeys Name="ProductName"/>
						<VersionInfoKeys Name="ProductVersion">1.0.0.0</VersionInfoKeys>
						<VersionInfoKeys Name="Comments"/>
					</VersionInfoKeys>
					<Excluded_Packages>
						<Excluded_Packages Name="C:\Documents and Settings\All Users\Documentos\RAD Studio\7.0\Bpl\synapse.bpl">Synapse TCP/IP / Serial library (http://www.synapse.ararat.cz)</Excluded_Packages>
						<Excluded_Packages Name="C:\Documents and Settings\All Users\Documentos\RAD Studio\7.0\Bpl\PCN2.bpl">Projeto Cooperar (http://br.groups.yahoo.com/group/projeto_cooperar_nfe/)</Excluded_Packages>
						<Excluded_Packages Name="C:\Documents and Settings\All Users\Documentos\RAD Studio\7.0\Bpl\ACBrCapicom.bpl">ACBr Automação Comercial Brasil  ACBrComum   (http://acbr.sf.ne)</Excluded_Packages>
						<Excluded_Packages Name="C:\Documents and Settings\All Users\Documentos\RAD Studio\7.0\Bpl\rxdb140.bpl">RX Library DB Component Package</Excluded_Packages>
						<Excluded_Packages Name="C:\Documents and Settings\All Users\Documentos\RAD Studio\7.0\Bpl\rxctl140.bpl">RX Library Component and Tools Package</Excluded_Packages>
					</Excluded_Packages>
				</Delphi.Personality>
			</BorlandProject>
			<ProjectFileVersion>12</ProjectFileVersion>
		</ProjectExtensions>
	</Project>
